
Microsoft Visual Studio Solution File, Format Version 12.00
# Visual Studio Version 17
VisualStudioVersion = 17.5.33424.131
MinimumVisualStudioVersion = 10.0.40219.1
Project("{9A19103F-16F7-4668-BE54-9A1E7A4F7556}") = "BIP.InternalCRM.Domain", "src\BIP.InternalCRM.Domain\BIP.InternalCRM.Domain.csproj", "{3868916C-2AB0-4716-B748-220B08FBBF4C}"
EndProject
Project("{2150E333-8FDC-42A3-9474-1A3956D46DE8}") = "src", "src", "{0AD7D203-D59B-431C-98C4-25CC64CF9AB6}"
EndProject
Project("{2150E333-8FDC-42A3-9474-1A3956D46DE8}") = "tests", "tests", "{C0B50173-DEB1-4C3E-86A1-2A5A71255575}"
EndProject
Project("{9A19103F-16F7-4668-BE54-9A1E7A4F7556}") = "BIP.InternalCRM.Application", "src\BIP.InternalCRM.Application\BIP.InternalCRM.Application.csproj", "{7B1A34B3-129D-4DFC-80BA-5BF835399D37}"
EndProject
Project("{9A19103F-16F7-4668-BE54-9A1E7A4F7556}") = "BIP.InternalCRM.WebApi", "src\BIP.InternalCRM.WebApi\BIP.InternalCRM.WebApi.csproj", "{D6DFDA2D-33B8-45A2-8ADA-78A1E384F8D8}"
EndProject
Project("{9A19103F-16F7-4668-BE54-9A1E7A4F7556}") = "BIP.InternalCRM.Persistence", "src\BIP.InternalCRM.Persistence\BIP.InternalCRM.Persistence.csproj", "{78F64F22-92FE-468E-A85F-48B3ED9B3A95}"
EndProject
Project("{9A19103F-16F7-4668-BE54-9A1E7A4F7556}") = "BIP.InternalCRM.WebIdentity", "src\BIP.InternalCRM.WebIdentity\BIP.InternalCRM.WebIdentity.csproj", "{FB5EC45A-5DF3-4CF8-90BC-0B872F54F90B}"
EndProject
Project("{9A19103F-16F7-4668-BE54-9A1E7A4F7556}") = "BIP.InternalCRM.WebIdentity.Tests", "tests\BIP.InternalCRM.WebIdentity.Tests\BIP.InternalCRM.WebIdentity.Tests.csproj", "{C81256E0-D5F0-4642-94F3-28516EF5621B}"
EndProject
Project("{9A19103F-16F7-4668-BE54-9A1E7A4F7556}") = "BIP.InternalCRM.Infrastructure", "src\BIP.InternalCRM.Infrastructure\BIP.InternalCRM.Infrastructure.csproj", "{7E285C4A-801D-4414-86B4-C5F448398DFA}"
EndProject
Project("{9A19103F-16F7-4668-BE54-9A1E7A4F7556}") = "BIP.UnitTesting.Core", "tests\BIP.UnitTesting.Core\BIP.UnitTesting.Core.csproj", "{AB8509ED-F60B-439E-926A-87400855B370}"
EndProject
Project("{9A19103F-16F7-4668-BE54-9A1E7A4F7556}") = "BIP.InternalCRM.WebApi.Tests", "tests\BIP.InternalCRM.WebApi.Tests\BIP.InternalCRM.WebApi.Tests.csproj", "{CC2C2A61-6D9A-4843-BC3F-4BE36942EA91}"
EndProject
Project("{9A19103F-16F7-4668-BE54-9A1E7A4F7556}") = "BIP.InternalCRM.Shopify", "src\BIP.InternalCRM.Shopify\BIP.InternalCRM.Shopify.csproj", "{D73A7736-05AC-45D4-B413-CB5D69C7CFDF}"
EndProject
Project("{FAE04EC0-301F-11D3-BF4B-00C04F79EFBC}") = "BIP.InternalCRM.Primitives", "src\BIP.InternalCRM.Primitives\BIP.InternalCRM.Primitives.csproj", "{ACEB1C94-C85C-43AE-B8AE-E1BAEE80718A}"
EndProject
Global
	GlobalSection(SolutionConfigurationPlatforms) = preSolution
		Debug|Any CPU = Debug|Any CPU
		Release|Any CPU = Release|Any CPU
	EndGlobalSection
	GlobalSection(ProjectConfigurationPlatforms) = postSolution
		{3868916C-2AB0-4716-B748-220B08FBBF4C}.Debug|Any CPU.ActiveCfg = Debug|Any CPU
		{3868916C-2AB0-4716-B748-220B08FBBF4C}.Debug|Any CPU.Build.0 = Debug|Any CPU
		{3868916C-2AB0-4716-B748-220B08FBBF4C}.Release|Any CPU.ActiveCfg = Release|Any CPU
		{3868916C-2AB0-4716-B748-220B08FBBF4C}.Release|Any CPU.Build.0 = Release|Any CPU
		{7B1A34B3-129D-4DFC-80BA-5BF835399D37}.Debug|Any CPU.ActiveCfg = Debug|Any CPU
		{7B1A34B3-129D-4DFC-80BA-5BF835399D37}.Debug|Any CPU.Build.0 = Debug|Any CPU
		{7B1A34B3-129D-4DFC-80BA-5BF835399D37}.Release|Any CPU.ActiveCfg = Release|Any CPU
		{7B1A34B3-129D-4DFC-80BA-5BF835399D37}.Release|Any CPU.Build.0 = Release|Any CPU
		{D6DFDA2D-33B8-45A2-8ADA-78A1E384F8D8}.Debug|Any CPU.ActiveCfg = Debug|Any CPU
		{D6DFDA2D-33B8-45A2-8ADA-78A1E384F8D8}.Debug|Any CPU.Build.0 = Debug|Any CPU
		{D6DFDA2D-33B8-45A2-8ADA-78A1E384F8D8}.Release|Any CPU.ActiveCfg = Release|Any CPU
		{D6DFDA2D-33B8-45A2-8ADA-78A1E384F8D8}.Release|Any CPU.Build.0 = Release|Any CPU
		{78F64F22-92FE-468E-A85F-48B3ED9B3A95}.Debug|Any CPU.ActiveCfg = Debug|Any CPU
		{78F64F22-92FE-468E-A85F-48B3ED9B3A95}.Debug|Any CPU.Build.0 = Debug|Any CPU
		{78F64F22-92FE-468E-A85F-48B3ED9B3A95}.Release|Any CPU.ActiveCfg = Release|Any CPU
		{78F64F22-92FE-468E-A85F-48B3ED9B3A95}.Release|Any CPU.Build.0 = Release|Any CPU
		{FB5EC45A-5DF3-4CF8-90BC-0B872F54F90B}.Debug|Any CPU.ActiveCfg = Debug|Any CPU
		{FB5EC45A-5DF3-4CF8-90BC-0B872F54F90B}.Debug|Any CPU.Build.0 = Debug|Any CPU
		{FB5EC45A-5DF3-4CF8-90BC-0B872F54F90B}.Release|Any CPU.ActiveCfg = Release|Any CPU
		{FB5EC45A-5DF3-4CF8-90BC-0B872F54F90B}.Release|Any CPU.Build.0 = Release|Any CPU
		{C81256E0-D5F0-4642-94F3-28516EF5621B}.Debug|Any CPU.ActiveCfg = Debug|Any CPU
		{C81256E0-D5F0-4642-94F3-28516EF5621B}.Debug|Any CPU.Build.0 = Debug|Any CPU
		{C81256E0-D5F0-4642-94F3-28516EF5621B}.Release|Any CPU.ActiveCfg = Release|Any CPU
		{C81256E0-D5F0-4642-94F3-28516EF5621B}.Release|Any CPU.Build.0 = Release|Any CPU
		{7E285C4A-801D-4414-86B4-C5F448398DFA}.Debug|Any CPU.ActiveCfg = Debug|Any CPU
		{7E285C4A-801D-4414-86B4-C5F448398DFA}.Debug|Any CPU.Build.0 = Debug|Any CPU
		{7E285C4A-801D-4414-86B4-C5F448398DFA}.Release|Any CPU.ActiveCfg = Release|Any CPU
		{7E285C4A-801D-4414-86B4-C5F448398DFA}.Release|Any CPU.Build.0 = Release|Any CPU
		{AB8509ED-F60B-439E-926A-87400855B370}.Debug|Any CPU.ActiveCfg = Debug|Any CPU
		{AB8509ED-F60B-439E-926A-87400855B370}.Debug|Any CPU.Build.0 = Debug|Any CPU
		{AB8509ED-F60B-439E-926A-87400855B370}.Release|Any CPU.ActiveCfg = Release|Any CPU
		{AB8509ED-F60B-439E-926A-87400855B370}.Release|Any CPU.Build.0 = Release|Any CPU
		{CC2C2A61-6D9A-4843-BC3F-4BE36942EA91}.Debug|Any CPU.ActiveCfg = Debug|Any CPU
		{CC2C2A61-6D9A-4843-BC3F-4BE36942EA91}.Debug|Any CPU.Build.0 = Debug|Any CPU
		{CC2C2A61-6D9A-4843-BC3F-4BE36942EA91}.Release|Any CPU.ActiveCfg = Release|Any CPU
		{CC2C2A61-6D9A-4843-BC3F-4BE36942EA91}.Release|Any CPU.Build.0 = Release|Any CPU
		{D73A7736-05AC-45D4-B413-CB5D69C7CFDF}.Debug|Any CPU.ActiveCfg = Debug|Any CPU
		{D73A7736-05AC-45D4-B413-CB5D69C7CFDF}.Debug|Any CPU.Build.0 = Debug|Any CPU
		{D73A7736-05AC-45D4-B413-CB5D69C7CFDF}.Release|Any CPU.ActiveCfg = Release|Any CPU
		{D73A7736-05AC-45D4-B413-CB5D69C7CFDF}.Release|Any CPU.Build.0 = Release|Any CPU
		{ACEB1C94-C85C-43AE-B8AE-E1BAEE80718A}.Debug|Any CPU.ActiveCfg = Debug|Any CPU
		{ACEB1C94-C85C-43AE-B8AE-E1BAEE80718A}.Debug|Any CPU.Build.0 = Debug|Any CPU
		{ACEB1C94-C85C-43AE-B8AE-E1BAEE80718A}.Release|Any CPU.ActiveCfg = Release|Any CPU
		{ACEB1C94-C85C-43AE-B8AE-E1BAEE80718A}.Release|Any CPU.Build.0 = Release|Any CPU
	EndGlobalSection
	GlobalSection(SolutionProperties) = preSolution
		HideSolutionNode = FALSE
	EndGlobalSection
	GlobalSection(NestedProjects) = preSolution
		{3868916C-2AB0-4716-B748-220B08FBBF4C} = {0AD7D203-D59B-431C-98C4-25CC64CF9AB6}
		{7B1A34B3-129D-4DFC-80BA-5BF835399D37} = {0AD7D203-D59B-431C-98C4-25CC64CF9AB6}
		{D6DFDA2D-33B8-45A2-8ADA-78A1E384F8D8} = {0AD7D203-D59B-431C-98C4-25CC64CF9AB6}
		{78F64F22-92FE-468E-A85F-48B3ED9B3A95} = {0AD7D203-D59B-431C-98C4-25CC64CF9AB6}
		{FB5EC45A-5DF3-4CF8-90BC-0B872F54F90B} = {0AD7D203-D59B-431C-98C4-25CC64CF9AB6}
		{C81256E0-D5F0-4642-94F3-28516EF5621B} = {C0B50173-DEB1-4C3E-86A1-2A5A71255575}
		{7E285C4A-801D-4414-86B4-C5F448398DFA} = {0AD7D203-D59B-431C-98C4-25CC64CF9AB6}
		{AB8509ED-F60B-439E-926A-87400855B370} = {C0B50173-DEB1-4C3E-86A1-2A5A71255575}
		{CC2C2A61-6D9A-4843-BC3F-4BE36942EA91} = {C0B50173-DEB1-4C3E-86A1-2A5A71255575}
		{D73A7736-05AC-45D4-B413-CB5D69C7CFDF} = {0AD7D203-D59B-431C-98C4-25CC64CF9AB6}
		{ACEB1C94-C85C-43AE-B8AE-E1BAEE80718A} = {0AD7D203-D59B-431C-98C4-25CC64CF9AB6}
	EndGlobalSection
	GlobalSection(ExtensibilityGlobals) = postSolution
		SolutionGuid = {06305E60-41B5-45E4-9648-24F19DD81752}
	EndGlobalSection
EndGlobal
